
Microsoft Visual Studio Solution File, Format Version 12.00
# Visual Studio 15
VisualStudioVersion = 15.0.28307.438
MinimumVisualStudioVersion = 10.0.40219.1
Project("{2150E333-8FDC-42A3-9474-1A3956D46DE8}") = "Core", "Core", "{4E993766-D432-408B-9674-AFD0F9C7FDED}"
EndProject
Project("{2150E333-8FDC-42A3-9474-1A3956D46DE8}") = "Infrastructure", "Infrastructure", "{BD99DCBB-903F-43E9-8383-23960C44E90D}"
EndProject
Project("{2150E333-8FDC-42A3-9474-1A3956D46DE8}") = "Presentation", "Presentation", "{466224A4-E4BE-4E8A-BE05-9CB2F6226936}"
EndProject
Project("{9A19103F-16F7-4668-BE54-9A1E7A4F7556}") = "Domain", "Domain\Domain.csproj", "{D84075B2-D7B0-4CD7-A0DF-1A2D5A9CD94A}"
EndProject
Project("{9A19103F-16F7-4668-BE54-9A1E7A4F7556}") = "Persistence", "Persistence\Persistence.csproj", "{5E30B519-C3FB-4EF1-94FF-4FB147C02BD8}"
EndProject
Project("{9A19103F-16F7-4668-BE54-9A1E7A4F7556}") = "Application", "Application\Application.csproj", "{C99BEEDF-16EF-4BD9-8DDD-9B60D1E79C5D}"
EndProject
Project("{9A19103F-16F7-4668-BE54-9A1E7A4F7556}") = "ClientApp", "ClientApp\ClientApp.csproj", "{C1D70FAF-3EC6-4983-BDB8-4356743C6305}"
EndProject
Project("{2150E333-8FDC-42A3-9474-1A3956D46DE8}") = "Solution Items", "Solution Items", "{C2B00D67-88BE-4368-8E3D-AD569986EBFB}"
EndProject
Project("{2150E333-8FDC-42A3-9474-1A3956D46DE8}") = "Tests", "Tests", "{5D689FAF-8CBB-40AE-9668-21572DE2B787}"
EndProject
Project("{2150E333-8FDC-42A3-9474-1A3956D46DE8}") = "UnitTests", "UnitTests", "{F2DC6210-10B4-445C-B979-4B689F9EF3F6}"
EndProject
Project("{9A19103F-16F7-4668-BE54-9A1E7A4F7556}") = "Domain.Tests", "Domain.Tests\Domain.Tests.csproj", "{F770A21A-B2FA-49F6-B604-EF0DF1024A6B}"
EndProject
Project("{9A19103F-16F7-4668-BE54-9A1E7A4F7556}") = "Application.Tests", "Application.Tests\Application.Tests.csproj", "{F34AE3AC-E412-44C7-8A9B-2507C826B21D}"
EndProject
Project("{9A19103F-16F7-4668-BE54-9A1E7A4F7556}") = "ClientApp.Tests", "ClientApp.Tests\ClientApp.Tests.csproj", "{AD6231C7-4A35-4773-8615-340577578F63}"
EndProject
Project("{9A19103F-16F7-4668-BE54-9A1E7A4F7556}") = "IntegrationTests", "IntegrationTests\IntegrationTests.csproj", "{7ECFB777-6B36-4A1A-B259-51BE4A1BDA46}"
EndProject
Project("{9A19103F-16F7-4668-BE54-9A1E7A4F7556}") = "FunctionalTests", "FunctionalTests\FunctionalTests.csproj", "{B6DB4BB5-CD0F-4FCE-A527-DC44129B308A}"
EndProject
Global
	GlobalSection(SolutionConfigurationPlatforms) = preSolution
		Debug|Any CPU = Debug|Any CPU
		Release|Any CPU = Release|Any CPU
	EndGlobalSection
	GlobalSection(ProjectConfigurationPlatforms) = postSolution
		{D84075B2-D7B0-4CD7-A0DF-1A2D5A9CD94A}.Debug|Any CPU.ActiveCfg = Debug|Any CPU
		{D84075B2-D7B0-4CD7-A0DF-1A2D5A9CD94A}.Debug|Any CPU.Build.0 = Debug|Any CPU
		{D84075B2-D7B0-4CD7-A0DF-1A2D5A9CD94A}.Release|Any CPU.ActiveCfg = Release|Any CPU
		{D84075B2-D7B0-4CD7-A0DF-1A2D5A9CD94A}.Release|Any CPU.Build.0 = Release|Any CPU
		{5E30B519-C3FB-4EF1-94FF-4FB147C02BD8}.Debug|Any CPU.ActiveCfg = Debug|Any CPU
		{5E30B519-C3FB-4EF1-94FF-4FB147C02BD8}.Debug|Any CPU.Build.0 = Debug|Any CPU
		{5E30B519-C3FB-4EF1-94FF-4FB147C02BD8}.Release|Any CPU.ActiveCfg = Release|Any CPU
		{5E30B519-C3FB-4EF1-94FF-4FB147C02BD8}.Release|Any CPU.Build.0 = Release|Any CPU
		{C99BEEDF-16EF-4BD9-8DDD-9B60D1E79C5D}.Debug|Any CPU.ActiveCfg = Debug|Any CPU
		{C99BEEDF-16EF-4BD9-8DDD-9B60D1E79C5D}.Debug|Any CPU.Build.0 = Debug|Any CPU
		{C99BEEDF-16EF-4BD9-8DDD-9B60D1E79C5D}.Release|Any CPU.ActiveCfg = Release|Any CPU
		{C99BEEDF-16EF-4BD9-8DDD-9B60D1E79C5D}.Release|Any CPU.Build.0 = Release|Any CPU
		{C1D70FAF-3EC6-4983-BDB8-4356743C6305}.Debug|Any CPU.ActiveCfg = Debug|Any CPU
		{C1D70FAF-3EC6-4983-BDB8-4356743C6305}.Debug|Any CPU.Build.0 = Debug|Any CPU
		{C1D70FAF-3EC6-4983-BDB8-4356743C6305}.Release|Any CPU.ActiveCfg = Release|Any CPU
		{C1D70FAF-3EC6-4983-BDB8-4356743C6305}.Release|Any CPU.Build.0 = Release|Any CPU
		{F770A21A-B2FA-49F6-B604-EF0DF1024A6B}.Debug|Any CPU.ActiveCfg = Debug|Any CPU
		{F770A21A-B2FA-49F6-B604-EF0DF1024A6B}.Debug|Any CPU.Build.0 = Debug|Any CPU
		{F770A21A-B2FA-49F6-B604-EF0DF1024A6B}.Release|Any CPU.ActiveCfg = Release|Any CPU
		{F770A21A-B2FA-49F6-B604-EF0DF1024A6B}.Release|Any CPU.Build.0 = Release|Any CPU
		{F34AE3AC-E412-44C7-8A9B-2507C826B21D}.Debug|Any CPU.ActiveCfg = Debug|Any CPU
		{F34AE3AC-E412-44C7-8A9B-2507C826B21D}.Debug|Any CPU.Build.0 = Debug|Any CPU
		{F34AE3AC-E412-44C7-8A9B-2507C826B21D}.Release|Any CPU.ActiveCfg = Release|Any CPU
		{F34AE3AC-E412-44C7-8A9B-2507C826B21D}.Release|Any CPU.Build.0 = Release|Any CPU
		{AD6231C7-4A35-4773-8615-340577578F63}.Debug|Any CPU.ActiveCfg = Debug|Any CPU
		{AD6231C7-4A35-4773-8615-340577578F63}.Debug|Any CPU.Build.0 = Debug|Any CPU
		{AD6231C7-4A35-4773-8615-340577578F63}.Release|Any CPU.ActiveCfg = Release|Any CPU
		{AD6231C7-4A35-4773-8615-340577578F63}.Release|Any CPU.Build.0 = Release|Any CPU
		{7ECFB777-6B36-4A1A-B259-51BE4A1BDA46}.Debug|Any CPU.ActiveCfg = Debug|Any CPU
		{7ECFB777-6B36-4A1A-B259-51BE4A1BDA46}.Debug|Any CPU.Build.0 = Debug|Any CPU
		{7ECFB777-6B36-4A1A-B259-51BE4A1BDA46}.Release|Any CPU.ActiveCfg = Release|Any CPU
		{7ECFB777-6B36-4A1A-B259-51BE4A1BDA46}.Release|Any CPU.Build.0 = Release|Any CPU
		{B6DB4BB5-CD0F-4FCE-A527-DC44129B308A}.Debug|Any CPU.ActiveCfg = Debug|Any CPU
		{B6DB4BB5-CD0F-4FCE-A527-DC44129B308A}.Debug|Any CPU.Build.0 = Debug|Any CPU
		{B6DB4BB5-CD0F-4FCE-A527-DC44129B308A}.Release|Any CPU.ActiveCfg = Release|Any CPU
		{B6DB4BB5-CD0F-4FCE-A527-DC44129B308A}.Release|Any CPU.Build.0 = Release|Any CPU
	EndGlobalSection
	GlobalSection(SolutionProperties) = preSolution
		HideSolutionNode = FALSE
	EndGlobalSection
	GlobalSection(NestedProjects) = preSolution
		{D84075B2-D7B0-4CD7-A0DF-1A2D5A9CD94A} = {4E993766-D432-408B-9674-AFD0F9C7FDED}
		{5E30B519-C3FB-4EF1-94FF-4FB147C02BD8} = {BD99DCBB-903F-43E9-8383-23960C44E90D}
		{C99BEEDF-16EF-4BD9-8DDD-9B60D1E79C5D} = {4E993766-D432-408B-9674-AFD0F9C7FDED}
		{C1D70FAF-3EC6-4983-BDB8-4356743C6305} = {466224A4-E4BE-4E8A-BE05-9CB2F6226936}
		{F2DC6210-10B4-445C-B979-4B689F9EF3F6} = {5D689FAF-8CBB-40AE-9668-21572DE2B787}
		{F770A21A-B2FA-49F6-B604-EF0DF1024A6B} = {F2DC6210-10B4-445C-B979-4B689F9EF3F6}
		{F34AE3AC-E412-44C7-8A9B-2507C826B21D} = {F2DC6210-10B4-445C-B979-4B689F9EF3F6}
		{AD6231C7-4A35-4773-8615-340577578F63} = {F2DC6210-10B4-445C-B979-4B689F9EF3F6}
		{7ECFB777-6B36-4A1A-B259-51BE4A1BDA46} = {5D689FAF-8CBB-40AE-9668-21572DE2B787}
		{B6DB4BB5-CD0F-4FCE-A527-DC44129B308A} = {5D689FAF-8CBB-40AE-9668-21572DE2B787}
	EndGlobalSection
	GlobalSection(ExtensibilityGlobals) = postSolution
		SolutionGuid = {E3CCEF21-66C2-428F-9151-46EE80B6002F}
	EndGlobalSection
EndGlobal
